
Microsoft Visual Studio Solution File, Format Version 12.00
# Visual Studio Version 16
VisualStudioVersion = 16.0.31624.102
MinimumVisualStudioVersion = 10.0.40219.1
Project("{FAE04EC0-301F-11D3-BF4B-00C04F79EFBC}") = "Aula7", "Aula7\Aula7.csproj", "{CFC1DD69-6FB8-429B-B0BC-0D9705C92855}"
EndProject
Global
	GlobalSection(SolutionConfigurationPlatforms) = preSolution
		Debug|Any CPU = Debug|Any CPU
		Release|Any CPU = Release|Any CPU
	EndGlobalSection
	GlobalSection(ProjectConfigurationPlatforms) = postSolution
		{CFC1DD69-6FB8-429B-B0BC-0D9705C92855}.Debug|Any CPU.ActiveCfg = Debug|Any CPU
		{CFC1DD69-6FB8-429B-B0BC-0D9705C92855}.Debug|Any CPU.Build.0 = Debug|Any CPU
		{CFC1DD69-6FB8-429B-B0BC-0D9705C92855}.Release|Any CPU.ActiveCfg = Release|Any CPU
		{CFC1DD69-6FB8-429B-B0BC-0D9705C92855}.Release|Any CPU.Build.0 = Release|Any CPU
	EndGlobalSection
	GlobalSection(SolutionProperties) = preSolution
		HideSolutionNode = FALSE
	EndGlobalSection
	GlobalSection(ExtensibilityGlobals) = postSolution
		SolutionGuid = {4CC60B11-99CF-403C-9E8D-5CA63002B513}
	EndGlobalSection
EndGlobal
