
Microsoft Visual Studio Solution File, Format Version 12.00
# Visual Studio Version 16
VisualStudioVersion = 16.0.31624.102
MinimumVisualStudioVersion = 10.0.40219.1
Project("{FAE04EC0-301F-11D3-BF4B-00C04F79EFBC}") = "Aula4", "Aula4\Aula4.csproj", "{84240470-7C9C-4CD1-93FE-2D0485F4A91B}"
EndProject
Global
	GlobalSection(SolutionConfigurationPlatforms) = preSolution
		Debug|Any CPU = Debug|Any CPU
		Release|Any CPU = Release|Any CPU
	EndGlobalSection
	GlobalSection(ProjectConfigurationPlatforms) = postSolution
		{84240470-7C9C-4CD1-93FE-2D0485F4A91B}.Debug|Any CPU.ActiveCfg = Debug|Any CPU
		{84240470-7C9C-4CD1-93FE-2D0485F4A91B}.Debug|Any CPU.Build.0 = Debug|Any CPU
		{84240470-7C9C-4CD1-93FE-2D0485F4A91B}.Release|Any CPU.ActiveCfg = Release|Any CPU
		{84240470-7C9C-4CD1-93FE-2D0485F4A91B}.Release|Any CPU.Build.0 = Release|Any CPU
	EndGlobalSection
	GlobalSection(SolutionProperties) = preSolution
		HideSolutionNode = FALSE
	EndGlobalSection
	GlobalSection(ExtensibilityGlobals) = postSolution
		SolutionGuid = {B1FDB516-3ADA-4230-96EE-05EF786477A1}
	EndGlobalSection
EndGlobal
